{
  "pins" : [
    {
      "identity" : "code-connect",
      "kind" : "remoteSourceControl",
      "location" : "https://github.com/figma/code-connect",
      "state" : {
        "revision" : "0b62c1f3917039fa72d163f0e329d2ba9b025995",
        "version" : "1.4.2"
      }
    },
    {
      "identity" : "swift-argument-parser",
      "kind" : "remoteSourceControl",
      "location" : "https://github.com/apple/swift-argument-parser",
      "state" : {
        "revision" : "626b5b7b2f45e1b0b1c6f4a309296d1d21d7311b",
        "version" : "1.7.1"
      }
    },
    {
      "identity" : "swift-syntax",
      "kind" : "remoteSourceControl",
      "location" : "https://github.com/swiftlang/swift-syntax",
      "state" : {
        "revision" : "4799286537280063c85a32f09884cfbca301b1a1",
        "version" : "602.0.0"
      }
    },
    {
      "identity" : "swiftformat",
      "kind" : "remoteSourceControl",
      "location" : "https://github.com/nicklockwood/SwiftFormat",
      "state" : {
        "revision" : "c8e50ff2cfc2eab46246c072a9ae25ab656c6ec3",
        "version" : "0.60.1"
      }
    }
  ],
  "version" : 2
}
